Microsoft Visual Studio Solution File, Format Version 7.00
Project("{FAE04EC0-301F-11D3-BF4B-00C04F79EFBC}") = "AcceptCancelButton", "AcceptCancelButton.csproj", "{EB73AFC1-F0A5-4753-BA0C-7FF4D9CEC00E}"
EndProject
Global
	GlobalSection(SolutionConfiguration) = preSolution
		ConfigName.0 = Debug
		ConfigName.1 = Release
	EndGlobalSection
	GlobalSection(ProjectDependencies) = postSolution
	EndGlobalSection
	GlobalSection(ProjectConfiguration) = postSolution
		{EB73AFC1-F0A5-4753-BA0C-7FF4D9CEC00E}.Debug.ActiveCfg = Debug|.NET
		{EB73AFC1-F0A5-4753-BA0C-7FF4D9CEC00E}.Debug.Build.0 = Debug|.NET
		{EB73AFC1-F0A5-4753-BA0C-7FF4D9CEC00E}.Release.ActiveCfg = Release|.NET
		{EB73AFC1-F0A5-4753-BA0C-7FF4D9CEC00E}.Release.Build.0 = Release|.NET
	EndGlobalSection
	GlobalSection(ExtensibilityGlobals) = postSolution
	EndGlobalSection
	GlobalSection(ExtensibilityAddIns) = postSolution
	EndGlobalSection
EndGlobal
