Microsoft Visual Studio Solution File, Format Version 7.00
Project("{FAE04EC0-301F-11D3-BF4B-00C04F79EFBC}") = "FareHareketleri", "FareHareketleri.csproj", "{B2408C0A-282C-4965-B46B-18C5CFE68F9F}"
EndProject
Global
	GlobalSection(SolutionConfiguration) = preSolution
		ConfigName.0 = Debug
		ConfigName.1 = Release
	EndGlobalSection
	GlobalSection(ProjectDependencies) = postSolution
	EndGlobalSection
	GlobalSection(ProjectConfiguration) = postSolution
		{B2408C0A-282C-4965-B46B-18C5CFE68F9F}.Debug.ActiveCfg = Debug|.NET
		{B2408C0A-282C-4965-B46B-18C5CFE68F9F}.Debug.Build.0 = Debug|.NET
		{B2408C0A-282C-4965-B46B-18C5CFE68F9F}.Release.ActiveCfg = Release|.NET
		{B2408C0A-282C-4965-B46B-18C5CFE68F9F}.Release.Build.0 = Release|.NET
	EndGlobalSection
	GlobalSection(ExtensibilityGlobals) = postSolution
	EndGlobalSection
	GlobalSection(ExtensibilityAddIns) = postSolution
	EndGlobalSection
EndGlobal
