Microsoft Visual Studio Solution File, Format Version 7.00
Project("{FAE04EC0-301F-11D3-BF4B-00C04F79EFBC}") = "Input_Box", "Input_Box.csproj", "{F772DAD6-4502-4372-9CA7-B2ACB196F427}"
EndProject
Global
	GlobalSection(SolutionConfiguration) = preSolution
		ConfigName.0 = Debug
		ConfigName.1 = Release
	EndGlobalSection
	GlobalSection(ProjectDependencies) = postSolution
	EndGlobalSection
	GlobalSection(ProjectConfiguration) = postSolution
		{F772DAD6-4502-4372-9CA7-B2ACB196F427}.Debug.ActiveCfg = Debug|.NET
		{F772DAD6-4502-4372-9CA7-B2ACB196F427}.Debug.Build.0 = Debug|.NET
		{F772DAD6-4502-4372-9CA7-B2ACB196F427}.Release.ActiveCfg = Release|.NET
		{F772DAD6-4502-4372-9CA7-B2ACB196F427}.Release.Build.0 = Release|.NET
	EndGlobalSection
	GlobalSection(ExtensibilityGlobals) = postSolution
	EndGlobalSection
	GlobalSection(ExtensibilityAddIns) = postSolution
	EndGlobalSection
EndGlobal
