Microsoft Visual Studio Solution File, Format Version 7.00
Project("{FAE04EC0-301F-11D3-BF4B-00C04F79EFBC}") = "KarakterGruplarý", "KarakterGruplarý.csproj", "{2F3DA5B1-03E6-4039-9208-B97467087A4C}"
EndProject
Global
	GlobalSection(SolutionConfiguration) = preSolution
		ConfigName.0 = Debug
		ConfigName.1 = Release
	EndGlobalSection
	GlobalSection(ProjectDependencies) = postSolution
	EndGlobalSection
	GlobalSection(ProjectConfiguration) = postSolution
		{2F3DA5B1-03E6-4039-9208-B97467087A4C}.Debug.ActiveCfg = Debug|.NET
		{2F3DA5B1-03E6-4039-9208-B97467087A4C}.Debug.Build.0 = Debug|.NET
		{2F3DA5B1-03E6-4039-9208-B97467087A4C}.Release.ActiveCfg = Release|.NET
		{2F3DA5B1-03E6-4039-9208-B97467087A4C}.Release.Build.0 = Release|.NET
	EndGlobalSection
	GlobalSection(ExtensibilityGlobals) = postSolution
	EndGlobalSection
	GlobalSection(ExtensibilityAddIns) = postSolution
	EndGlobalSection
EndGlobal
