Microsoft Visual Studio Solution File, Format Version 7.00
Project("{FAE04EC0-301F-11D3-BF4B-00C04F79EFBC}") = "Dosyalama_AyarlarýKaydet", "Dosyalama_AyarlarýKaydet.csproj", "{DC96BCAE-050A-4AB0-881F-B6839B7529F8}"
EndProject
Global
	GlobalSection(SolutionConfiguration) = preSolution
		ConfigName.0 = Debug
		ConfigName.1 = Release
	EndGlobalSection
	GlobalSection(ProjectDependencies) = postSolution
	EndGlobalSection
	GlobalSection(ProjectConfiguration) = postSolution
		{DC96BCAE-050A-4AB0-881F-B6839B7529F8}.Debug.ActiveCfg = Debug|.NET
		{DC96BCAE-050A-4AB0-881F-B6839B7529F8}.Debug.Build.0 = Debug|.NET
		{DC96BCAE-050A-4AB0-881F-B6839B7529F8}.Release.ActiveCfg = Release|.NET
		{DC96BCAE-050A-4AB0-881F-B6839B7529F8}.Release.Build.0 = Release|.NET
	EndGlobalSection
	GlobalSection(ExtensibilityGlobals) = postSolution
	EndGlobalSection
	GlobalSection(ExtensibilityAddIns) = postSolution
	EndGlobalSection
EndGlobal
