Microsoft Visual Studio Solution File, Format Version 7.00
Project("{FAE04EC0-301F-11D3-BF4B-00C04F79EFBC}") = "Form_ControlsAddRemove", "Form_ControlsAddRemove.csproj", "{96E61C5F-11B0-43F8-863B-FEDB818B9ABA}"
EndProject
Global
	GlobalSection(SolutionConfiguration) = preSolution
		ConfigName.0 = Debug
		ConfigName.1 = Release
	EndGlobalSection
	GlobalSection(ProjectDependencies) = postSolution
	EndGlobalSection
	GlobalSection(ProjectConfiguration) = postSolution
		{96E61C5F-11B0-43F8-863B-FEDB818B9ABA}.Debug.ActiveCfg = Debug|.NET
		{96E61C5F-11B0-43F8-863B-FEDB818B9ABA}.Debug.Build.0 = Debug|.NET
		{96E61C5F-11B0-43F8-863B-FEDB818B9ABA}.Release.ActiveCfg = Release|.NET
		{96E61C5F-11B0-43F8-863B-FEDB818B9ABA}.Release.Build.0 = Release|.NET
	EndGlobalSection
	GlobalSection(ExtensibilityGlobals) = postSolution
	EndGlobalSection
	GlobalSection(ExtensibilityAddIns) = postSolution
	EndGlobalSection
EndGlobal
