Microsoft Visual Studio Solution File, Format Version 7.00
Project("{FAE04EC0-301F-11D3-BF4B-00C04F79EFBC}") = "Splitter_Dock", "Splitter_Dock.csproj", "{A60FA44C-422E-484C-8415-9D02C67930B8}"
EndProject
Global
	GlobalSection(SolutionConfiguration) = preSolution
		ConfigName.0 = Debug
		ConfigName.1 = Release
	EndGlobalSection
	GlobalSection(ProjectDependencies) = postSolution
	EndGlobalSection
	GlobalSection(ProjectConfiguration) = postSolution
		{A60FA44C-422E-484C-8415-9D02C67930B8}.Debug.ActiveCfg = Debug|.NET
		{A60FA44C-422E-484C-8415-9D02C67930B8}.Debug.Build.0 = Debug|.NET
		{A60FA44C-422E-484C-8415-9D02C67930B8}.Release.ActiveCfg = Release|.NET
		{A60FA44C-422E-484C-8415-9D02C67930B8}.Release.Build.0 = Release|.NET
	EndGlobalSection
	GlobalSection(ExtensibilityGlobals) = postSolution
	EndGlobalSection
	GlobalSection(ExtensibilityAddIns) = postSolution
	EndGlobalSection
EndGlobal
