Microsoft Visual Studio Solution File, Format Version 7.00
Project("{FAE04EC0-301F-11D3-BF4B-00C04F79EFBC}") = "Dock", "Dock.csproj", "{6A772E9C-56E2-4274-A3D8-C99C0F69B4C7}"
EndProject
Global
	GlobalSection(SolutionConfiguration) = preSolution
		ConfigName.0 = Debug
		ConfigName.1 = Release
	EndGlobalSection
	GlobalSection(ProjectDependencies) = postSolution
	EndGlobalSection
	GlobalSection(ProjectConfiguration) = postSolution
		{6A772E9C-56E2-4274-A3D8-C99C0F69B4C7}.Debug.ActiveCfg = Debug|.NET
		{6A772E9C-56E2-4274-A3D8-C99C0F69B4C7}.Debug.Build.0 = Debug|.NET
		{6A772E9C-56E2-4274-A3D8-C99C0F69B4C7}.Release.ActiveCfg = Release|.NET
		{6A772E9C-56E2-4274-A3D8-C99C0F69B4C7}.Release.Build.0 = Release|.NET
	EndGlobalSection
	GlobalSection(ExtensibilityGlobals) = postSolution
	EndGlobalSection
	GlobalSection(ExtensibilityAddIns) = postSolution
	EndGlobalSection
EndGlobal
