Microsoft Visual Studio Solution File, Format Version 7.00
Project("{FAE04EC0-301F-11D3-BF4B-00C04F79EFBC}") = "Modified", "Modified.csproj", "{CAA36E75-219E-4757-8A89-7BF3E7F25CC8}"
EndProject
Global
	GlobalSection(SolutionConfiguration) = preSolution
		ConfigName.0 = Debug
		ConfigName.1 = Release
	EndGlobalSection
	GlobalSection(ProjectDependencies) = postSolution
	EndGlobalSection
	GlobalSection(ProjectConfiguration) = postSolution
		{CAA36E75-219E-4757-8A89-7BF3E7F25CC8}.Debug.ActiveCfg = Debug|.NET
		{CAA36E75-219E-4757-8A89-7BF3E7F25CC8}.Debug.Build.0 = Debug|.NET
		{CAA36E75-219E-4757-8A89-7BF3E7F25CC8}.Release.ActiveCfg = Release|.NET
		{CAA36E75-219E-4757-8A89-7BF3E7F25CC8}.Release.Build.0 = Release|.NET
	EndGlobalSection
	GlobalSection(ExtensibilityGlobals) = postSolution
	EndGlobalSection
	GlobalSection(ExtensibilityAddIns) = postSolution
	EndGlobalSection
EndGlobal
