Microsoft Visual Studio Solution File, Format Version 7.00
Project("{FAE04EC0-301F-11D3-BF4B-00C04F79EFBC}") = "Form_BirdenFazlaForm_2", "Form_BirdenFazlaForm_2.csproj", "{A9FC39D8-95E3-48BF-BCE8-5AA1D7FED4B0}"
EndProject
Global
	GlobalSection(SolutionConfiguration) = preSolution
		ConfigName.0 = Debug
		ConfigName.1 = Release
	EndGlobalSection
	GlobalSection(ProjectDependencies) = postSolution
	EndGlobalSection
	GlobalSection(ProjectConfiguration) = postSolution
		{A9FC39D8-95E3-48BF-BCE8-5AA1D7FED4B0}.Debug.ActiveCfg = Debug|.NET
		{A9FC39D8-95E3-48BF-BCE8-5AA1D7FED4B0}.Debug.Build.0 = Debug|.NET
		{A9FC39D8-95E3-48BF-BCE8-5AA1D7FED4B0}.Release.ActiveCfg = Release|.NET
		{A9FC39D8-95E3-48BF-BCE8-5AA1D7FED4B0}.Release.Build.0 = Release|.NET
	EndGlobalSection
	GlobalSection(ExtensibilityGlobals) = postSolution
	EndGlobalSection
	GlobalSection(ExtensibilityAddIns) = postSolution
	EndGlobalSection
EndGlobal
