Microsoft Visual Studio Solution File, Format Version 7.00
Project("{FAE04EC0-301F-11D3-BF4B-00C04F79EFBC}") = "StringSplit", "StringSplit.csproj", "{661319EE-AB9B-420C-9DD7-2C1D6C4C7424}"
EndProject
Global
	GlobalSection(SolutionConfiguration) = preSolution
		ConfigName.0 = Debug
		ConfigName.1 = Release
	EndGlobalSection
	GlobalSection(ProjectDependencies) = postSolution
	EndGlobalSection
	GlobalSection(ProjectConfiguration) = postSolution
		{661319EE-AB9B-420C-9DD7-2C1D6C4C7424}.Debug.ActiveCfg = Debug|.NET
		{661319EE-AB9B-420C-9DD7-2C1D6C4C7424}.Debug.Build.0 = Debug|.NET
		{661319EE-AB9B-420C-9DD7-2C1D6C4C7424}.Release.ActiveCfg = Release|.NET
		{661319EE-AB9B-420C-9DD7-2C1D6C4C7424}.Release.Build.0 = Release|.NET
	EndGlobalSection
	GlobalSection(ExtensibilityGlobals) = postSolution
	EndGlobalSection
	GlobalSection(ExtensibilityAddIns) = postSolution
	EndGlobalSection
EndGlobal
