Microsoft Visual Studio Solution File, Format Version 7.00
Project("{FAE04EC0-301F-11D3-BF4B-00C04F79EFBC}") = "Dosyalama_HexView", "Dosyalama_HexView.csproj", "{264617B8-E35C-4CE6-A523-6B5BED643473}"
EndProject
Global
	GlobalSection(SolutionConfiguration) = preSolution
		ConfigName.0 = Debug
		ConfigName.1 = Release
	EndGlobalSection
	GlobalSection(ProjectDependencies) = postSolution
	EndGlobalSection
	GlobalSection(ProjectConfiguration) = postSolution
		{264617B8-E35C-4CE6-A523-6B5BED643473}.Debug.ActiveCfg = Debug|.NET
		{264617B8-E35C-4CE6-A523-6B5BED643473}.Debug.Build.0 = Debug|.NET
		{264617B8-E35C-4CE6-A523-6B5BED643473}.Release.ActiveCfg = Release|.NET
		{264617B8-E35C-4CE6-A523-6B5BED643473}.Release.Build.0 = Release|.NET
	EndGlobalSection
	GlobalSection(ExtensibilityGlobals) = postSolution
	EndGlobalSection
	GlobalSection(ExtensibilityAddIns) = postSolution
	EndGlobalSection
EndGlobal
