Microsoft Visual Studio Solution File, Format Version 7.00
Project("{FAE04EC0-301F-11D3-BF4B-00C04F79EFBC}") = "Fareile«izim", "Fareile«izim.csproj", "{9A279A73-79E9-4ED5-B442-BA244F01245C}"
EndProject
Global
	GlobalSection(SolutionConfiguration) = preSolution
		ConfigName.0 = Debug
		ConfigName.1 = Release
	EndGlobalSection
	GlobalSection(ProjectDependencies) = postSolution
	EndGlobalSection
	GlobalSection(ProjectConfiguration) = postSolution
		{9A279A73-79E9-4ED5-B442-BA244F01245C}.Debug.ActiveCfg = Debug|.NET
		{9A279A73-79E9-4ED5-B442-BA244F01245C}.Debug.Build.0 = Debug|.NET
		{9A279A73-79E9-4ED5-B442-BA244F01245C}.Release.ActiveCfg = Release|.NET
		{9A279A73-79E9-4ED5-B442-BA244F01245C}.Release.Build.0 = Release|.NET
	EndGlobalSection
	GlobalSection(ExtensibilityGlobals) = postSolution
	EndGlobalSection
	GlobalSection(ExtensibilityAddIns) = postSolution
	EndGlobalSection
EndGlobal
