Microsoft Visual Studio Solution File, Format Version 7.00
Project("{FAE04EC0-301F-11D3-BF4B-00C04F79EFBC}") = "StatusBar_Panel", "StatusBar_Panel.csproj", "{88C5FDB7-2695-4460-B568-DC29434031D7}"
EndProject
Global
	GlobalSection(SolutionConfiguration) = preSolution
		ConfigName.0 = Debug
		ConfigName.1 = Release
	EndGlobalSection
	GlobalSection(ProjectDependencies) = postSolution
	EndGlobalSection
	GlobalSection(ProjectConfiguration) = postSolution
		{88C5FDB7-2695-4460-B568-DC29434031D7}.Debug.ActiveCfg = Debug|.NET
		{88C5FDB7-2695-4460-B568-DC29434031D7}.Debug.Build.0 = Debug|.NET
		{88C5FDB7-2695-4460-B568-DC29434031D7}.Release.ActiveCfg = Release|.NET
		{88C5FDB7-2695-4460-B568-DC29434031D7}.Release.Build.0 = Release|.NET
	EndGlobalSection
	GlobalSection(ExtensibilityGlobals) = postSolution
	EndGlobalSection
	GlobalSection(ExtensibilityAddIns) = postSolution
	EndGlobalSection
EndGlobal
