Microsoft Visual Studio Solution File, Format Version 7.00
Project("{FAE04EC0-301F-11D3-BF4B-00C04F79EFBC}") = "MultiSelectListBox", "MultiSelectListBox.csproj", "{A5058A3D-0EA8-4B6F-9686-C9A9A73E8956}"
EndProject
Global
	GlobalSection(SolutionConfiguration) = preSolution
		ConfigName.0 = Debug
		ConfigName.1 = Release
	EndGlobalSection
	GlobalSection(ProjectDependencies) = postSolution
	EndGlobalSection
	GlobalSection(ProjectConfiguration) = postSolution
		{A5058A3D-0EA8-4B6F-9686-C9A9A73E8956}.Debug.ActiveCfg = Debug|.NET
		{A5058A3D-0EA8-4B6F-9686-C9A9A73E8956}.Debug.Build.0 = Debug|.NET
		{A5058A3D-0EA8-4B6F-9686-C9A9A73E8956}.Release.ActiveCfg = Release|.NET
		{A5058A3D-0EA8-4B6F-9686-C9A9A73E8956}.Release.Build.0 = Release|.NET
	EndGlobalSection
	GlobalSection(ExtensibilityGlobals) = postSolution
	EndGlobalSection
	GlobalSection(ExtensibilityAddIns) = postSolution
	EndGlobalSection
EndGlobal
