Microsoft Visual Studio Solution File, Format Version 7.00
Project("{FAE04EC0-301F-11D3-BF4B-00C04F79EFBC}") = "KeyPress", "KeyPress.csproj", "{677244BE-F9C2-4235-A920-2C97C8BE2CE5}"
EndProject
Global
	GlobalSection(SolutionConfiguration) = preSolution
		ConfigName.0 = Debug
		ConfigName.1 = Release
	EndGlobalSection
	GlobalSection(ProjectDependencies) = postSolution
	EndGlobalSection
	GlobalSection(ProjectConfiguration) = postSolution
		{677244BE-F9C2-4235-A920-2C97C8BE2CE5}.Debug.ActiveCfg = Debug|.NET
		{677244BE-F9C2-4235-A920-2C97C8BE2CE5}.Debug.Build.0 = Debug|.NET
		{677244BE-F9C2-4235-A920-2C97C8BE2CE5}.Release.ActiveCfg = Release|.NET
		{677244BE-F9C2-4235-A920-2C97C8BE2CE5}.Release.Build.0 = Release|.NET
	EndGlobalSection
	GlobalSection(ExtensibilityGlobals) = postSolution
	EndGlobalSection
	GlobalSection(ExtensibilityAddIns) = postSolution
	EndGlobalSection
EndGlobal
