Microsoft Visual Studio Solution File, Format Version 7.00
Project("{FAE04EC0-301F-11D3-BF4B-00C04F79EFBC}") = "TextChanged", "TextChanged.csproj", "{6B655F37-2037-4289-B685-1B7092F17650}"
EndProject
Global
	GlobalSection(SolutionConfiguration) = preSolution
		ConfigName.0 = Debug
		ConfigName.1 = Release
	EndGlobalSection
	GlobalSection(ProjectDependencies) = postSolution
	EndGlobalSection
	GlobalSection(ProjectConfiguration) = postSolution
		{6B655F37-2037-4289-B685-1B7092F17650}.Debug.ActiveCfg = Debug|.NET
		{6B655F37-2037-4289-B685-1B7092F17650}.Debug.Build.0 = Debug|.NET
		{6B655F37-2037-4289-B685-1B7092F17650}.Release.ActiveCfg = Release|.NET
		{6B655F37-2037-4289-B685-1B7092F17650}.Release.Build.0 = Release|.NET
	EndGlobalSection
	GlobalSection(ExtensibilityGlobals) = postSolution
	EndGlobalSection
	GlobalSection(ExtensibilityAddIns) = postSolution
	EndGlobalSection
EndGlobal
