Microsoft Visual Studio Solution File, Format Version 7.00
Project("{FAE04EC0-301F-11D3-BF4B-00C04F79EFBC}") = "Tab_Control", "Tab_Control.csproj", "{2E2E1CEC-7C6B-4614-B451-5E3D979D52AD}"
EndProject
Global
	GlobalSection(SolutionConfiguration) = preSolution
		ConfigName.0 = Debug
		ConfigName.1 = Release
	EndGlobalSection
	GlobalSection(ProjectDependencies) = postSolution
	EndGlobalSection
	GlobalSection(ProjectConfiguration) = postSolution
		{2E2E1CEC-7C6B-4614-B451-5E3D979D52AD}.Debug.ActiveCfg = Debug|.NET
		{2E2E1CEC-7C6B-4614-B451-5E3D979D52AD}.Debug.Build.0 = Debug|.NET
		{2E2E1CEC-7C6B-4614-B451-5E3D979D52AD}.Release.ActiveCfg = Release|.NET
		{2E2E1CEC-7C6B-4614-B451-5E3D979D52AD}.Release.Build.0 = Release|.NET
	EndGlobalSection
	GlobalSection(ExtensibilityGlobals) = postSolution
	EndGlobalSection
	GlobalSection(ExtensibilityAddIns) = postSolution
	EndGlobalSection
EndGlobal
