Microsoft Visual Studio Solution File, Format Version 7.00
Project("{FAE04EC0-301F-11D3-BF4B-00C04F79EFBC}") = "Dosyalama_AÁKaydet", "Dosyalama_AÁKaydet.csproj", "{8A98E847-3F24-443C-B54C-22F0C0F75439}"
EndProject
Global
	GlobalSection(SolutionConfiguration) = preSolution
		ConfigName.0 = Debug
		ConfigName.1 = Release
	EndGlobalSection
	GlobalSection(ProjectDependencies) = postSolution
	EndGlobalSection
	GlobalSection(ProjectConfiguration) = postSolution
		{8A98E847-3F24-443C-B54C-22F0C0F75439}.Debug.ActiveCfg = Debug|.NET
		{8A98E847-3F24-443C-B54C-22F0C0F75439}.Debug.Build.0 = Debug|.NET
		{8A98E847-3F24-443C-B54C-22F0C0F75439}.Release.ActiveCfg = Release|.NET
		{8A98E847-3F24-443C-B54C-22F0C0F75439}.Release.Build.0 = Release|.NET
	EndGlobalSection
	GlobalSection(ExtensibilityGlobals) = postSolution
	EndGlobalSection
	GlobalSection(ExtensibilityAddIns) = postSolution
	EndGlobalSection
EndGlobal
