Microsoft Visual Studio Solution File, Format Version 7.00
Project("{FAE04EC0-301F-11D3-BF4B-00C04F79EFBC}") = "PictureBox_GetSetPixel", "PictureBox_GetSetPixel.csproj", "{4CFAD83C-153B-46CB-8188-672CCE9E61AD}"
EndProject
Global
	GlobalSection(SolutionConfiguration) = preSolution
		ConfigName.0 = Debug
		ConfigName.1 = Release
	EndGlobalSection
	GlobalSection(ProjectDependencies) = postSolution
	EndGlobalSection
	GlobalSection(ProjectConfiguration) = postSolution
		{4CFAD83C-153B-46CB-8188-672CCE9E61AD}.Debug.ActiveCfg = Debug|.NET
		{4CFAD83C-153B-46CB-8188-672CCE9E61AD}.Debug.Build.0 = Debug|.NET
		{4CFAD83C-153B-46CB-8188-672CCE9E61AD}.Release.ActiveCfg = Release|.NET
		{4CFAD83C-153B-46CB-8188-672CCE9E61AD}.Release.Build.0 = Release|.NET
	EndGlobalSection
	GlobalSection(ExtensibilityGlobals) = postSolution
	EndGlobalSection
	GlobalSection(ExtensibilityAddIns) = postSolution
	EndGlobalSection
EndGlobal
