Microsoft Visual Studio Solution File, Format Version 7.00
Project("{FAE04EC0-301F-11D3-BF4B-00C04F79EFBC}") = "Dosyalama_Binary_Gif", "Dosyalama_Binary_Gif.csproj", "{0F6C3395-433B-482B-AE14-B643DE777971}"
EndProject
Global
	GlobalSection(SolutionConfiguration) = preSolution
		ConfigName.0 = Debug
		ConfigName.1 = Release
	EndGlobalSection
	GlobalSection(ProjectDependencies) = postSolution
	EndGlobalSection
	GlobalSection(ProjectConfiguration) = postSolution
		{0F6C3395-433B-482B-AE14-B643DE777971}.Debug.ActiveCfg = Debug|.NET
		{0F6C3395-433B-482B-AE14-B643DE777971}.Debug.Build.0 = Debug|.NET
		{0F6C3395-433B-482B-AE14-B643DE777971}.Release.ActiveCfg = Release|.NET
		{0F6C3395-433B-482B-AE14-B643DE777971}.Release.Build.0 = Release|.NET
	EndGlobalSection
	GlobalSection(ExtensibilityGlobals) = postSolution
	EndGlobalSection
	GlobalSection(ExtensibilityAddIns) = postSolution
	EndGlobalSection
EndGlobal
