Microsoft Visual Studio Solution File, Format Version 7.00
Project("{FAE04EC0-301F-11D3-BF4B-00C04F79EFBC}") = "Form_HelpButton", "Form_HelpButton.csproj", "{2E044C95-F5DC-44F3-815C-057C48D36726}"
EndProject
Global
	GlobalSection(SolutionConfiguration) = preSolution
		ConfigName.0 = Debug
		ConfigName.1 = Release
	EndGlobalSection
	GlobalSection(ProjectDependencies) = postSolution
	EndGlobalSection
	GlobalSection(ProjectConfiguration) = postSolution
		{2E044C95-F5DC-44F3-815C-057C48D36726}.Debug.ActiveCfg = Debug|.NET
		{2E044C95-F5DC-44F3-815C-057C48D36726}.Debug.Build.0 = Debug|.NET
		{2E044C95-F5DC-44F3-815C-057C48D36726}.Release.ActiveCfg = Release|.NET
		{2E044C95-F5DC-44F3-815C-057C48D36726}.Release.Build.0 = Release|.NET
	EndGlobalSection
	GlobalSection(ExtensibilityGlobals) = postSolution
	EndGlobalSection
	GlobalSection(ExtensibilityAddIns) = postSolution
	EndGlobalSection
EndGlobal
