Microsoft Visual Studio Solution File, Format Version 7.00
Project("{FAE04EC0-301F-11D3-BF4B-00C04F79EFBC}") = "Radio_Button", "Radio_Button.csproj", "{91CCCCF6-9514-4EAF-8D3E-B3B7B6824FE4}"
EndProject
Global
	GlobalSection(SolutionConfiguration) = preSolution
		ConfigName.0 = Debug
		ConfigName.1 = Release
	EndGlobalSection
	GlobalSection(ProjectDependencies) = postSolution
	EndGlobalSection
	GlobalSection(ProjectConfiguration) = postSolution
		{91CCCCF6-9514-4EAF-8D3E-B3B7B6824FE4}.Debug.ActiveCfg = Debug|.NET
		{91CCCCF6-9514-4EAF-8D3E-B3B7B6824FE4}.Debug.Build.0 = Debug|.NET
		{91CCCCF6-9514-4EAF-8D3E-B3B7B6824FE4}.Release.ActiveCfg = Release|.NET
		{91CCCCF6-9514-4EAF-8D3E-B3B7B6824FE4}.Release.Build.0 = Release|.NET
	EndGlobalSection
	GlobalSection(ExtensibilityGlobals) = postSolution
	EndGlobalSection
	GlobalSection(ExtensibilityAddIns) = postSolution
	EndGlobalSection
EndGlobal
