Microsoft Visual Studio Solution File, Format Version 7.00
Project("{FAE04EC0-301F-11D3-BF4B-00C04F79EFBC}") = "Enabled", "Enabled.csproj", "{D7033FD1-44CC-4693-9CEF-0721B1F0728F}"
EndProject
Global
	GlobalSection(SolutionConfiguration) = preSolution
		ConfigName.0 = Debug
		ConfigName.1 = Release
	EndGlobalSection
	GlobalSection(ProjectDependencies) = postSolution
	EndGlobalSection
	GlobalSection(ProjectConfiguration) = postSolution
		{D7033FD1-44CC-4693-9CEF-0721B1F0728F}.Debug.ActiveCfg = Debug|.NET
		{D7033FD1-44CC-4693-9CEF-0721B1F0728F}.Debug.Build.0 = Debug|.NET
		{D7033FD1-44CC-4693-9CEF-0721B1F0728F}.Release.ActiveCfg = Release|.NET
		{D7033FD1-44CC-4693-9CEF-0721B1F0728F}.Release.Build.0 = Release|.NET
	EndGlobalSection
	GlobalSection(ExtensibilityGlobals) = postSolution
	EndGlobalSection
	GlobalSection(ExtensibilityAddIns) = postSolution
	EndGlobalSection
EndGlobal
