Microsoft Visual Studio Solution File, Format Version 7.00
Project("{FAE04EC0-301F-11D3-BF4B-00C04F79EFBC}") = "ContextMenu_Ornek_2", "ContextMenu_Ornek_2.csproj", "{1C85A8F6-1AAA-4DE0-99F4-C1EB3E45EB11}"
EndProject
Global
	GlobalSection(SolutionConfiguration) = preSolution
		ConfigName.0 = Debug
		ConfigName.1 = Release
	EndGlobalSection
	GlobalSection(ProjectDependencies) = postSolution
	EndGlobalSection
	GlobalSection(ProjectConfiguration) = postSolution
		{1C85A8F6-1AAA-4DE0-99F4-C1EB3E45EB11}.Debug.ActiveCfg = Debug|.NET
		{1C85A8F6-1AAA-4DE0-99F4-C1EB3E45EB11}.Debug.Build.0 = Debug|.NET
		{1C85A8F6-1AAA-4DE0-99F4-C1EB3E45EB11}.Release.ActiveCfg = Release|.NET
		{1C85A8F6-1AAA-4DE0-99F4-C1EB3E45EB11}.Release.Build.0 = Release|.NET
	EndGlobalSection
	GlobalSection(ExtensibilityGlobals) = postSolution
	EndGlobalSection
	GlobalSection(ExtensibilityAddIns) = postSolution
	EndGlobalSection
EndGlobal
