Microsoft Visual Studio Solution File, Format Version 7.00
Project("{FAE04EC0-301F-11D3-BF4B-00C04F79EFBC}") = "Form_GetNextControl", "Form_GetNextControl.csproj", "{1112A3A5-D827-4FA0-86DA-FC55C9E80A95}"
EndProject
Global
	GlobalSection(SolutionConfiguration) = preSolution
		ConfigName.0 = Debug
		ConfigName.1 = Release
	EndGlobalSection
	GlobalSection(ProjectDependencies) = postSolution
	EndGlobalSection
	GlobalSection(ProjectConfiguration) = postSolution
		{1112A3A5-D827-4FA0-86DA-FC55C9E80A95}.Debug.ActiveCfg = Debug|.NET
		{1112A3A5-D827-4FA0-86DA-FC55C9E80A95}.Debug.Build.0 = Debug|.NET
		{1112A3A5-D827-4FA0-86DA-FC55C9E80A95}.Release.ActiveCfg = Release|.NET
		{1112A3A5-D827-4FA0-86DA-FC55C9E80A95}.Release.Build.0 = Release|.NET
	EndGlobalSection
	GlobalSection(ExtensibilityGlobals) = postSolution
	EndGlobalSection
	GlobalSection(ExtensibilityAddIns) = postSolution
	EndGlobalSection
EndGlobal
