Microsoft Visual Studio Solution File, Format Version 7.00
Project("{FAE04EC0-301F-11D3-BF4B-00C04F79EFBC}") = "PadLeft", "PadLeft.csproj", "{DF318C4B-5596-4645-9487-3ABB257B1149}"
EndProject
Global
	GlobalSection(SolutionConfiguration) = preSolution
		ConfigName.0 = Debug
		ConfigName.1 = Release
	EndGlobalSection
	GlobalSection(ProjectDependencies) = postSolution
	EndGlobalSection
	GlobalSection(ProjectConfiguration) = postSolution
		{DF318C4B-5596-4645-9487-3ABB257B1149}.Debug.ActiveCfg = Debug|.NET
		{DF318C4B-5596-4645-9487-3ABB257B1149}.Debug.Build.0 = Debug|.NET
		{DF318C4B-5596-4645-9487-3ABB257B1149}.Release.ActiveCfg = Release|.NET
		{DF318C4B-5596-4645-9487-3ABB257B1149}.Release.Build.0 = Release|.NET
	EndGlobalSection
	GlobalSection(ExtensibilityGlobals) = postSolution
	EndGlobalSection
	GlobalSection(ExtensibilityAddIns) = postSolution
	EndGlobalSection
EndGlobal
