Microsoft Visual Studio Solution File, Format Version 7.00
Project("{FAE04EC0-301F-11D3-BF4B-00C04F79EFBC}") = "Image_EncoderDecoder", "Image_EncoderDecoder.csproj", "{ACC8910A-BD7A-41D3-BB52-799284657439}"
EndProject
Global
	GlobalSection(SolutionConfiguration) = preSolution
		ConfigName.0 = Debug
		ConfigName.1 = Release
	EndGlobalSection
	GlobalSection(ProjectDependencies) = postSolution
	EndGlobalSection
	GlobalSection(ProjectConfiguration) = postSolution
		{ACC8910A-BD7A-41D3-BB52-799284657439}.Debug.ActiveCfg = Debug|.NET
		{ACC8910A-BD7A-41D3-BB52-799284657439}.Debug.Build.0 = Debug|.NET
		{ACC8910A-BD7A-41D3-BB52-799284657439}.Release.ActiveCfg = Release|.NET
		{ACC8910A-BD7A-41D3-BB52-799284657439}.Release.Build.0 = Release|.NET
	EndGlobalSection
	GlobalSection(ExtensibilityGlobals) = postSolution
	EndGlobalSection
	GlobalSection(ExtensibilityAddIns) = postSolution
	EndGlobalSection
EndGlobal
