Microsoft Visual Studio Solution File, Format Version 10.00
# Visual C# Express 2008
Project("{FAE04EC0-301F-11D3-BF4B-00C04F79EFBC}") = "SayýOyunu", "SayýOyunu.csproj", "{0963541D-6D27-45EE-84DB-9BE362FBF8FD}"
EndProject
Global
	GlobalSection(SolutionConfigurationPlatforms) = preSolution
		Debug|Any CPU = Debug|Any CPU
		Release|Any CPU = Release|Any CPU
	EndGlobalSection
	GlobalSection(ProjectConfigurationPlatforms) = postSolution
		{0963541D-6D27-45EE-84DB-9BE362FBF8FD}.Debug|Any CPU.ActiveCfg = Debug|Any CPU
		{0963541D-6D27-45EE-84DB-9BE362FBF8FD}.Debug|Any CPU.Build.0 = Debug|Any CPU
		{0963541D-6D27-45EE-84DB-9BE362FBF8FD}.Release|Any CPU.ActiveCfg = Release|Any CPU
		{0963541D-6D27-45EE-84DB-9BE362FBF8FD}.Release|Any CPU.Build.0 = Release|Any CPU
	EndGlobalSection
	GlobalSection(SolutionProperties) = preSolution
		HideSolutionNode = FALSE
	EndGlobalSection
EndGlobal
