Microsoft Visual Studio Solution File, Format Version 7.00
Project("{FAE04EC0-301F-11D3-BF4B-00C04F79EFBC}") = "MainMenu_Radio", "MainMenu_Radio.csproj", "{31844AD5-AC57-4D28-BE80-8E8FA55F37D0}"
EndProject
Global
	GlobalSection(SolutionConfiguration) = preSolution
		ConfigName.0 = Debug
		ConfigName.1 = Release
	EndGlobalSection
	GlobalSection(ProjectDependencies) = postSolution
	EndGlobalSection
	GlobalSection(ProjectConfiguration) = postSolution
		{31844AD5-AC57-4D28-BE80-8E8FA55F37D0}.Debug.ActiveCfg = Debug|.NET
		{31844AD5-AC57-4D28-BE80-8E8FA55F37D0}.Debug.Build.0 = Debug|.NET
		{31844AD5-AC57-4D28-BE80-8E8FA55F37D0}.Release.ActiveCfg = Release|.NET
		{31844AD5-AC57-4D28-BE80-8E8FA55F37D0}.Release.Build.0 = Release|.NET
	EndGlobalSection
	GlobalSection(ExtensibilityGlobals) = postSolution
	EndGlobalSection
	GlobalSection(ExtensibilityAddIns) = postSolution
	EndGlobalSection
EndGlobal
