Microsoft Visual Studio Solution File, Format Version 7.00
Project("{FAE04EC0-301F-11D3-BF4B-00C04F79EFBC}") = "Image_Frameler", "Image_Frameler.csproj", "{1EB48EF5-76DA-4F14-92D8-8B2E4F51FA68}"
EndProject
Global
	GlobalSection(SolutionConfiguration) = preSolution
		ConfigName.0 = Debug
		ConfigName.1 = Release
	EndGlobalSection
	GlobalSection(ProjectDependencies) = postSolution
	EndGlobalSection
	GlobalSection(ProjectConfiguration) = postSolution
		{1EB48EF5-76DA-4F14-92D8-8B2E4F51FA68}.Debug.ActiveCfg = Debug|.NET
		{1EB48EF5-76DA-4F14-92D8-8B2E4F51FA68}.Debug.Build.0 = Debug|.NET
		{1EB48EF5-76DA-4F14-92D8-8B2E4F51FA68}.Release.ActiveCfg = Release|.NET
		{1EB48EF5-76DA-4F14-92D8-8B2E4F51FA68}.Release.Build.0 = Release|.NET
	EndGlobalSection
	GlobalSection(ExtensibilityGlobals) = postSolution
	EndGlobalSection
	GlobalSection(ExtensibilityAddIns) = postSolution
	EndGlobalSection
EndGlobal
