Microsoft Visual Studio Solution File, Format Version 7.00
Project("{FAE04EC0-301F-11D3-BF4B-00C04F79EFBC}") = "ListBox_Edit", "ListBox_Edit.csproj", "{AD05CA1F-B05D-48A0-B5FF-3CFA9D7BC562}"
EndProject
Global
	GlobalSection(SolutionConfiguration) = preSolution
		ConfigName.0 = Debug
		ConfigName.1 = Release
	EndGlobalSection
	GlobalSection(ProjectDependencies) = postSolution
	EndGlobalSection
	GlobalSection(ProjectConfiguration) = postSolution
		{AD05CA1F-B05D-48A0-B5FF-3CFA9D7BC562}.Debug.ActiveCfg = Debug|.NET
		{AD05CA1F-B05D-48A0-B5FF-3CFA9D7BC562}.Debug.Build.0 = Debug|.NET
		{AD05CA1F-B05D-48A0-B5FF-3CFA9D7BC562}.Release.ActiveCfg = Release|.NET
		{AD05CA1F-B05D-48A0-B5FF-3CFA9D7BC562}.Release.Build.0 = Release|.NET
	EndGlobalSection
	GlobalSection(ExtensibilityGlobals) = postSolution
	EndGlobalSection
	GlobalSection(ExtensibilityAddIns) = postSolution
	EndGlobalSection
EndGlobal
