Microsoft Visual Studio Solution File, Format Version 7.00
Project("{FAE04EC0-301F-11D3-BF4B-00C04F79EFBC}") = "TreeView_CheckBox", "TreeView_CheckBox.csproj", "{FF00735B-F867-4042-98D1-85EBFDA17134}"
EndProject
Global
	GlobalSection(SolutionConfiguration) = preSolution
		ConfigName.0 = Debug
		ConfigName.1 = Release
	EndGlobalSection
	GlobalSection(ProjectDependencies) = postSolution
	EndGlobalSection
	GlobalSection(ProjectConfiguration) = postSolution
		{FF00735B-F867-4042-98D1-85EBFDA17134}.Debug.ActiveCfg = Debug|.NET
		{FF00735B-F867-4042-98D1-85EBFDA17134}.Debug.Build.0 = Debug|.NET
		{FF00735B-F867-4042-98D1-85EBFDA17134}.Release.ActiveCfg = Release|.NET
		{FF00735B-F867-4042-98D1-85EBFDA17134}.Release.Build.0 = Release|.NET
	EndGlobalSection
	GlobalSection(ExtensibilityGlobals) = postSolution
	EndGlobalSection
	GlobalSection(ExtensibilityAddIns) = postSolution
	EndGlobalSection
EndGlobal
