Microsoft Visual Studio Solution File, Format Version 7.00
Project("{FAE04EC0-301F-11D3-BF4B-00C04F79EFBC}") = "XOrMetinSifrele", "XOrMetinSifrele.csproj", "{C6726038-7E99-4554-AE41-302373084A2F}"
EndProject
Global
	GlobalSection(SolutionConfiguration) = preSolution
		ConfigName.0 = Debug
		ConfigName.1 = Release
	EndGlobalSection
	GlobalSection(ProjectDependencies) = postSolution
	EndGlobalSection
	GlobalSection(ProjectConfiguration) = postSolution
		{C6726038-7E99-4554-AE41-302373084A2F}.Debug.ActiveCfg = Debug|.NET
		{C6726038-7E99-4554-AE41-302373084A2F}.Debug.Build.0 = Debug|.NET
		{C6726038-7E99-4554-AE41-302373084A2F}.Release.ActiveCfg = Release|.NET
		{C6726038-7E99-4554-AE41-302373084A2F}.Release.Build.0 = Release|.NET
	EndGlobalSection
	GlobalSection(ExtensibilityGlobals) = postSolution
	EndGlobalSection
	GlobalSection(ExtensibilityAddIns) = postSolution
	EndGlobalSection
EndGlobal
