Microsoft Visual Studio Solution File, Format Version 7.00
Project("{FAE04EC0-301F-11D3-BF4B-00C04F79EFBC}") = "ToolTip_Ornek", "ToolTip_Ornek.csproj", "{64F0A538-EF75-4129-952B-54159C206187}"
EndProject
Global
	GlobalSection(SolutionConfiguration) = preSolution
		ConfigName.0 = Debug
		ConfigName.1 = Release
	EndGlobalSection
	GlobalSection(ProjectDependencies) = postSolution
	EndGlobalSection
	GlobalSection(ProjectConfiguration) = postSolution
		{64F0A538-EF75-4129-952B-54159C206187}.Debug.ActiveCfg = Debug|.NET
		{64F0A538-EF75-4129-952B-54159C206187}.Debug.Build.0 = Debug|.NET
		{64F0A538-EF75-4129-952B-54159C206187}.Release.ActiveCfg = Release|.NET
		{64F0A538-EF75-4129-952B-54159C206187}.Release.Build.0 = Release|.NET
	EndGlobalSection
	GlobalSection(ExtensibilityGlobals) = postSolution
	EndGlobalSection
	GlobalSection(ExtensibilityAddIns) = postSolution
	EndGlobalSection
EndGlobal
