Microsoft Visual Studio Solution File, Format Version 7.00
Project("{FAE04EC0-301F-11D3-BF4B-00C04F79EFBC}") = "XOrÞifreleGeliþmiþ", "XOrÞifreleGeliþmiþ.csproj", "{E2DDAF81-DE31-4E8D-8B07-E935CAAE528C}"
EndProject
Global
	GlobalSection(SolutionConfiguration) = preSolution
		ConfigName.0 = Debug
		ConfigName.1 = Release
	EndGlobalSection
	GlobalSection(ProjectDependencies) = postSolution
	EndGlobalSection
	GlobalSection(ProjectConfiguration) = postSolution
		{E2DDAF81-DE31-4E8D-8B07-E935CAAE528C}.Debug.ActiveCfg = Debug|.NET
		{E2DDAF81-DE31-4E8D-8B07-E935CAAE528C}.Debug.Build.0 = Debug|.NET
		{E2DDAF81-DE31-4E8D-8B07-E935CAAE528C}.Release.ActiveCfg = Release|.NET
		{E2DDAF81-DE31-4E8D-8B07-E935CAAE528C}.Release.Build.0 = Release|.NET
	EndGlobalSection
	GlobalSection(ExtensibilityGlobals) = postSolution
	EndGlobalSection
	GlobalSection(ExtensibilityAddIns) = postSolution
	EndGlobalSection
EndGlobal
