Microsoft Visual Studio Solution File, Format Version 7.00
Project("{FAE04EC0-301F-11D3-BF4B-00C04F79EFBC}") = "Function_Asal", "Function_Asal.csproj", "{A137AEA2-C223-41B4-8C00-D9D6823867ED}"
EndProject
Global
	GlobalSection(SolutionConfiguration) = preSolution
		ConfigName.0 = Debug
		ConfigName.1 = Release
	EndGlobalSection
	GlobalSection(ProjectDependencies) = postSolution
	EndGlobalSection
	GlobalSection(ProjectConfiguration) = postSolution
		{A137AEA2-C223-41B4-8C00-D9D6823867ED}.Debug.ActiveCfg = Debug|.NET
		{A137AEA2-C223-41B4-8C00-D9D6823867ED}.Debug.Build.0 = Debug|.NET
		{A137AEA2-C223-41B4-8C00-D9D6823867ED}.Release.ActiveCfg = Release|.NET
		{A137AEA2-C223-41B4-8C00-D9D6823867ED}.Release.Build.0 = Release|.NET
	EndGlobalSection
	GlobalSection(ExtensibilityGlobals) = postSolution
	EndGlobalSection
	GlobalSection(ExtensibilityAddIns) = postSolution
	EndGlobalSection
EndGlobal
