Microsoft Visual Studio Solution File, Format Version 7.00
Project("{FAE04EC0-301F-11D3-BF4B-00C04F79EFBC}") = "Directory_Ara", "Directory_Ara.csproj", "{ADD49C97-A208-4241-B2C7-FAC570B3B65F}"
EndProject
Global
	GlobalSection(SolutionConfiguration) = preSolution
		ConfigName.0 = Debug
		ConfigName.1 = Release
	EndGlobalSection
	GlobalSection(ProjectDependencies) = postSolution
	EndGlobalSection
	GlobalSection(ProjectConfiguration) = postSolution
		{ADD49C97-A208-4241-B2C7-FAC570B3B65F}.Debug.ActiveCfg = Debug|.NET
		{ADD49C97-A208-4241-B2C7-FAC570B3B65F}.Debug.Build.0 = Debug|.NET
		{ADD49C97-A208-4241-B2C7-FAC570B3B65F}.Release.ActiveCfg = Release|.NET
		{ADD49C97-A208-4241-B2C7-FAC570B3B65F}.Release.Build.0 = Release|.NET
	EndGlobalSection
	GlobalSection(ExtensibilityGlobals) = postSolution
	EndGlobalSection
	GlobalSection(ExtensibilityAddIns) = postSolution
	EndGlobalSection
EndGlobal
