Microsoft Visual Studio Solution File, Format Version 7.00
Project("{FAE04EC0-301F-11D3-BF4B-00C04F79EFBC}") = "ResetColor", "ResetColor.csproj", "{A21CC027-7D61-4AEB-BB1E-EF0D5577B43A}"
EndProject
Global
	GlobalSection(SolutionConfiguration) = preSolution
		ConfigName.0 = Debug
		ConfigName.1 = Release
	EndGlobalSection
	GlobalSection(ProjectDependencies) = postSolution
	EndGlobalSection
	GlobalSection(ProjectConfiguration) = postSolution
		{A21CC027-7D61-4AEB-BB1E-EF0D5577B43A}.Debug.ActiveCfg = Debug|.NET
		{A21CC027-7D61-4AEB-BB1E-EF0D5577B43A}.Debug.Build.0 = Debug|.NET
		{A21CC027-7D61-4AEB-BB1E-EF0D5577B43A}.Release.ActiveCfg = Release|.NET
		{A21CC027-7D61-4AEB-BB1E-EF0D5577B43A}.Release.Build.0 = Release|.NET
	EndGlobalSection
	GlobalSection(ExtensibilityGlobals) = postSolution
	EndGlobalSection
	GlobalSection(ExtensibilityAddIns) = postSolution
	EndGlobalSection
EndGlobal
