Microsoft Visual Studio Solution File, Format Version 7.00
Project("{FAE04EC0-301F-11D3-BF4B-00C04F79EFBC}") = "ListeKutusu_Fontlar", "ListeKutusu_Fontlar.csproj", "{C6C86B28-3EA2-4583-832E-99135069548C}"
EndProject
Global
	GlobalSection(SolutionConfiguration) = preSolution
		ConfigName.0 = Debug
		ConfigName.1 = Release
	EndGlobalSection
	GlobalSection(ProjectDependencies) = postSolution
	EndGlobalSection
	GlobalSection(ProjectConfiguration) = postSolution
		{C6C86B28-3EA2-4583-832E-99135069548C}.Debug.ActiveCfg = Debug|.NET
		{C6C86B28-3EA2-4583-832E-99135069548C}.Debug.Build.0 = Debug|.NET
		{C6C86B28-3EA2-4583-832E-99135069548C}.Release.ActiveCfg = Release|.NET
		{C6C86B28-3EA2-4583-832E-99135069548C}.Release.Build.0 = Release|.NET
	EndGlobalSection
	GlobalSection(ExtensibilityGlobals) = postSolution
	EndGlobalSection
	GlobalSection(ExtensibilityAddIns) = postSolution
	EndGlobalSection
EndGlobal
