Microsoft Visual Studio Solution File, Format Version 7.00
Project("{FAE04EC0-301F-11D3-BF4B-00C04F79EFBC}") = "Path_YolBilgileri", "Path_YolBilgileri.csproj", "{4C2B24F2-E72D-459D-80AF-8989F1401281}"
EndProject
Global
	GlobalSection(SolutionConfiguration) = preSolution
		ConfigName.0 = Debug
		ConfigName.1 = Release
	EndGlobalSection
	GlobalSection(ProjectDependencies) = postSolution
	EndGlobalSection
	GlobalSection(ProjectConfiguration) = postSolution
		{4C2B24F2-E72D-459D-80AF-8989F1401281}.Debug.ActiveCfg = Debug|.NET
		{4C2B24F2-E72D-459D-80AF-8989F1401281}.Debug.Build.0 = Debug|.NET
		{4C2B24F2-E72D-459D-80AF-8989F1401281}.Release.ActiveCfg = Release|.NET
		{4C2B24F2-E72D-459D-80AF-8989F1401281}.Release.Build.0 = Release|.NET
	EndGlobalSection
	GlobalSection(ExtensibilityGlobals) = postSolution
	EndGlobalSection
	GlobalSection(ExtensibilityAddIns) = postSolution
	EndGlobalSection
EndGlobal
