Microsoft Visual Studio Solution File, Format Version 7.00
Project("{FAE04EC0-301F-11D3-BF4B-00C04F79EFBC}") = "Numeric_UpDown", "Numeric_UpDown.csproj", "{AA98A533-700B-4C6B-A928-889B9872B65F}"
EndProject
Global
	GlobalSection(SolutionConfiguration) = preSolution
		ConfigName.0 = Debug
		ConfigName.1 = Release
	EndGlobalSection
	GlobalSection(ProjectDependencies) = postSolution
	EndGlobalSection
	GlobalSection(ProjectConfiguration) = postSolution
		{AA98A533-700B-4C6B-A928-889B9872B65F}.Debug.ActiveCfg = Debug|.NET
		{AA98A533-700B-4C6B-A928-889B9872B65F}.Debug.Build.0 = Debug|.NET
		{AA98A533-700B-4C6B-A928-889B9872B65F}.Release.ActiveCfg = Release|.NET
		{AA98A533-700B-4C6B-A928-889B9872B65F}.Release.Build.0 = Release|.NET
	EndGlobalSection
	GlobalSection(ExtensibilityGlobals) = postSolution
	EndGlobalSection
	GlobalSection(ExtensibilityAddIns) = postSolution
	EndGlobalSection
EndGlobal
